
Microsoft Visual Studio Solution File, Format Version 12.00
# Visual Studio Version 17
VisualStudioVersion = 17.11.35312.102
MinimumVisualStudioVersion = 10.0.40219.1
Project("{FAE04EC0-301F-11D3-BF4B-00C04F79EFBC}") = "open-weather.Server", "open-weather.Server\open-weather.Server.csproj", "{299DDED8-D8E9-4EBB-88A8-8875F8B45FD6}"
EndProject
Project("{54A90642-561A-4BB1-A94E-469ADEE60C69}") = "open-weather.client", "open-weather.client\open-weather.client.esproj", "{06A27B29-0D67-490C-9B78-AB1D5BB13666}"
EndProject
Global
	GlobalSection(SolutionConfigurationPlatforms) = preSolution
		Debug|Any CPU = Debug|Any CPU
		Release|Any CPU = Release|Any CPU
	EndGlobalSection
	GlobalSection(ProjectConfigurationPlatforms) = postSolution
		{299DDED8-D8E9-4EBB-88A8-8875F8B45FD6}.Debug|Any CPU.ActiveCfg = Debug|Any CPU
		{299DDED8-D8E9-4EBB-88A8-8875F8B45FD6}.Debug|Any CPU.Build.0 = Debug|Any CPU
		{299DDED8-D8E9-4EBB-88A8-8875F8B45FD6}.Release|Any CPU.ActiveCfg = Release|Any CPU
		{299DDED8-D8E9-4EBB-88A8-8875F8B45FD6}.Release|Any CPU.Build.0 = Release|Any CPU
		{06A27B29-0D67-490C-9B78-AB1D5BB13666}.Debug|Any CPU.ActiveCfg = Debug|Any CPU
		{06A27B29-0D67-490C-9B78-AB1D5BB13666}.Debug|Any CPU.Build.0 = Debug|Any CPU
		{06A27B29-0D67-490C-9B78-AB1D5BB13666}.Debug|Any CPU.Deploy.0 = Debug|Any CPU
		{06A27B29-0D67-490C-9B78-AB1D5BB13666}.Release|Any CPU.ActiveCfg = Release|Any CPU
		{06A27B29-0D67-490C-9B78-AB1D5BB13666}.Release|Any CPU.Build.0 = Release|Any CPU
		{06A27B29-0D67-490C-9B78-AB1D5BB13666}.Release|Any CPU.Deploy.0 = Release|Any CPU
	EndGlobalSection
	GlobalSection(SolutionProperties) = preSolution
		HideSolutionNode = FALSE
	EndGlobalSection
	GlobalSection(ExtensibilityGlobals) = postSolution
		SolutionGuid = {1E04348E-DC57-4F48-9805-C02974EF3FAD}
	EndGlobalSection
EndGlobal
